// !$*UTF8*$!
{
	archiveVersion = 1;
	classes = {
	};
	objectVersion = 51;
	objects = {

/* Begin PBXBuildFile section */
		02A1D6162316BB79004E5C52 /* CommonKit.framework in Frameworks */ = {isa = PBXBuildFile; fileRef = 02A1D6152316BB79004E5C52 /* CommonKit.framework */; };
		02A1D6172316BB79004E5C52 /* CommonKit.framework in Embed Frameworks */ = {isa = PBXBuildFile; fileRef = 02A1D6152316BB79004E5C52 /* CommonKit.framework */; settings = {ATTRIBUTES = (CodeSignOnCopy, RemoveHeadersOnCopy, ); }; };
		02B1E4F4234DE19D00CC3050 /* String.swift in Sources */ = {isa = PBXBuildFile; fileRef = 02B1E4F3234DE19D00CC3050 /* String.swift */; };
		02B1E4F6234DE65700CC3050 /* PropertyTableCell.swift in Sources */ = {isa = PBXBuildFile; fileRef = 02B1E4F5234DE65700CC3050 /* PropertyTableCell.swift */; };
		02B1E4F9234DECF300CC3050 /* StationInfoEventType.swift in Sources */ = {isa = PBXBuildFile; fileRef = 02B1E4F8234DECF300CC3050 /* StationInfoEventType.swift */; };
		02B1E4FB234DEE3F00CC3050 /* Property.swift in Sources */ = {isa = PBXBuildFile; fileRef = 02B1E4FA234DEE3F00CC3050 /* Property.swift */; };
		02B32D1D2355F76E00BEC137 /* BaseView.swift in Sources */ = {isa = PBXBuildFile; fileRef = 02B32D1C2355F76E00BEC137 /* BaseView.swift */; };
		02B32D1F2355FC6800BEC137 /* BaseViewModel.swift in Sources */ = {isa = PBXBuildFile; fileRef = 02B32D1E2355FC6800BEC137 /* BaseViewModel.swift */; };
		02B5FC00238FD786001544BB /* Localizable.strings in Resources */ = {isa = PBXBuildFile; fileRef = 02B5FBFE238FD786001544BB /* Localizable.strings */; };
		02B5FC1323900017001544BB /* swiftgen.yml in Resources */ = {isa = PBXBuildFile; fileRef = 02B5FC1223900017001544BB /* swiftgen.yml */; };
		02B5FC1923900556001544BB /* Strings.swift in Sources */ = {isa = PBXBuildFile; fileRef = 02B5FC1723900556001544BB /* Strings.swift */; };
		02B5FC1A23900556001544BB /* Assets.swift in Sources */ = {isa = PBXBuildFile; fileRef = 02B5FC1823900556001544BB /* Assets.swift */; };
		02B5FC1D23900C55001544BB /* DatabaseManagerUnitTest.swift in Sources */ = {isa = PBXBuildFile; fileRef = 02B5FC1C23900C55001544BB /* DatabaseManagerUnitTest.swift */; };
		02B5FC24239015AB001544BB /* VelibDatabaseUnitTest.swift in Sources */ = {isa = PBXBuildFile; fileRef = 02B5FC23239015AB001544BB /* VelibDatabaseUnitTest.swift */; };
		02B5FC2723901B74001544BB /* UnitTest.swift in Sources */ = {isa = PBXBuildFile; fileRef = 02B5FC2623901B74001544BB /* UnitTest.swift */; };
		02B63EA5234F319200E145DA /* google_map_style.json in Resources */ = {isa = PBXBuildFile; fileRef = 02B63EA4234F319200E145DA /* google_map_style.json */; };
		02B8BA96234399300087D8CF /* ViewID.swift in Sources */ = {isa = PBXBuildFile; fileRef = 02B8BA95234399300087D8CF /* ViewID.swift */; };
		02C43E0923AD07C10033A07D /* StationInfoModel.swift in Sources */ = {isa = PBXBuildFile; fileRef = 02C43E0823AD07C10033A07D /* StationInfoModel.swift */; };
		02C43E0C23AD0D8F0033A07D /* StationListModel.swift in Sources */ = {isa = PBXBuildFile; fileRef = 02C43E0B23AD0D8F0033A07D /* StationListModel.swift */; };
		02D523B92302EF3600EB1080 /* AppDelegate.swift in Sources */ = {isa = PBXBuildFile; fileRef = 02D523B82302EF3600EB1080 /* AppDelegate.swift */; };
		02D523BB2302EF3600EB1080 /* ViewController.swift in Sources */ = {isa = PBXBuildFile; fileRef = 02D523BA2302EF3600EB1080 /* ViewController.swift */; };
		02D523BE2302EF3600EB1080 /* Main.storyboard in Resources */ = {isa = PBXBuildFile; fileRef = 02D523BC2302EF3600EB1080 /* Main.storyboard */; };
		02D523C02302EF3800EB1080 /* Assets.xcassets in Resources */ = {isa = PBXBuildFile; fileRef = 02D523BF2302EF3800EB1080 /* Assets.xcassets */; };
		02D523C32302EF3800EB1080 /* LaunchScreen.storyboard in Resources */ = {isa = PBXBuildFile; fileRef = 02D523C12302EF3800EB1080 /* LaunchScreen.storyboard */; };
		02D523CE2302EF3800EB1080 /* VelibStationsTests.swift in Sources */ = {isa = PBXBuildFile; fileRef = 02D523CD2302EF3800EB1080 /* VelibStationsTests.swift */; };
		02D523D92302EF3800EB1080 /* VelibStationsUITests.swift in Sources */ = {isa = PBXBuildFile; fileRef = 02D523D82302EF3800EB1080 /* VelibStationsUITests.swift */; };
		02D9B17F234B6CBF0065339C /* StationList.storyboard in Resources */ = {isa = PBXBuildFile; fileRef = 02D9B17E234B6CBF0065339C /* StationList.storyboard */; };
		02D9B181234B729C0065339C /* StationInfo.storyboard in Resources */ = {isa = PBXBuildFile; fileRef = 02D9B180234B729C0065339C /* StationInfo.storyboard */; };
		02D9B183234B78400065339C /* Keys.plist in Resources */ = {isa = PBXBuildFile; fileRef = 02D9B182234B78400065339C /* Keys.plist */; };
		02D9B186234B93680065339C /* StationListEventType.swift in Sources */ = {isa = PBXBuildFile; fileRef = 02D9B185234B93680065339C /* StationListEventType.swift */; };
		02D9B189234B94550065339C /* MapUtils.swift in Sources */ = {isa = PBXBuildFile; fileRef = 02D9B188234B94550065339C /* MapUtils.swift */; };
		02DCBBE123AA6FFC00AD0507 /* BaseModel.swift in Sources */ = {isa = PBXBuildFile; fileRef = 02DCBBE023AA6FFC00AD0507 /* BaseModel.swift */; };
		02E76D352344DBAD00A105FB /* StationListViewController.swift in Sources */ = {isa = PBXBuildFile; fileRef = 02E76D342344DBAD00A105FB /* StationListViewController.swift */; };
		02E76D372344DBBD00A105FB /* StationListViewControllerModel.swift in Sources */ = {isa = PBXBuildFile; fileRef = 02E76D362344DBBD00A105FB /* StationListViewControllerModel.swift */; };
		02E76D392344DCCB00A105FB /* StationInfoViewController.swift in Sources */ = {isa = PBXBuildFile; fileRef = 02E76D382344DCCB00A105FB /* StationInfoViewController.swift */; };
		02E76D3B2344DCD800A105FB /* StationInfoViewControllerModel.swift in Sources */ = {isa = PBXBuildFile; fileRef = 02E76D3A2344DCD800A105FB /* StationInfoViewControllerModel.swift */; };
		5545E9500882EEF37CC26951 /* Pods_VelibStationsTests.framework in Frameworks */ = {isa = PBXBuildFile; fileRef = 90CB2720366A2418CC320F93 /* Pods_VelibStationsTests.framework */; };
		80A75F522CA48EC6E037487F /* Pods_VelibStations_VelibStationsUITests.framework in Frameworks */ = {isa = PBXBuildFile; fileRef = 445559B7307F5A0525AEA183 /* Pods_VelibStations_VelibStationsUITests.framework */; };
		F7B66D116ECAE12594C8BE0B /* Pods_VelibStations.framework in Frameworks */ = {isa = PBXBuildFile; fileRef = DF3E423A3897A0DB5E1BE9AB /* Pods_VelibStations.framework */; };
/* End PBXBuildFile section */

/* Begin PBXContainerItemProxy section */
		02D523CA2302EF3800EB1080 /* PBXContainerItemProxy */ = {
			isa = PBXContainerItemProxy;
			containerPortal = 02D523AD2302EF3600EB1080 /* Project object */;
			proxyType = 1;
			remoteGlobalIDString = 02D523B42302EF3600EB1080;
			remoteInfo = VelibStations;
		};
		02D523D52302EF3800EB1080 /* PBXContainerItemProxy */ = {
			isa = PBXContainerItemProxy;
			containerPortal = 02D523AD2302EF3600EB1080 /* Project object */;
			proxyType = 1;
			remoteGlobalIDString = 02D523B42302EF3600EB1080;
			remoteInfo = VelibStations;
		};
/* End PBXContainerItemProxy section */

/* Begin PBXCopyFilesBuildPhase section */
		02A1D6182316BB79004E5C52 /* Embed Frameworks */ = {
			isa = PBXCopyFilesBuildPhase;
			buildActionMask = 2147483647;
			dstPath = "";
			dstSubfolderSpec = 10;
			files = (
				02A1D6172316BB79004E5C52 /* CommonKit.framework in Embed Frameworks */,
			);
			name = "Embed Frameworks";
			runOnlyForDeploymentPostprocessing = 0;
		};
/* End PBXCopyFilesBuildPhase section */

/* Begin PBXFileReference section */
		02A1D6152316BB79004E5C52 /* CommonKit.framework */ = {isa = PBXFileReference; lastKnownFileType = wrapper.framework; name = CommonKit.framework; path = "../VelibStations_Android/common/build/xcode-frameworks/CommonKit.framework"; sourceTree = "<group>"; };
		02B1E4F3234DE19D00CC3050 /* String.swift */ = {isa = PBXFileReference; lastKnownFileType = sourcecode.swift; path = String.swift; sourceTree = "<group>"; };
		02B1E4F5234DE65700CC3050 /* PropertyTableCell.swift */ = {isa = PBXFileReference; lastKnownFileType = sourcecode.swift; path = PropertyTableCell.swift; sourceTree = "<group>"; };
		02B1E4F8234DECF300CC3050 /* StationInfoEventType.swift */ = {isa = PBXFileReference; lastKnownFileType = sourcecode.swift; path = StationInfoEventType.swift; sourceTree = "<group>"; };
		02B1E4FA234DEE3F00CC3050 /* Property.swift */ = {isa = PBXFileReference; lastKnownFileType = sourcecode.swift; path = Property.swift; sourceTree = "<group>"; };
		02B32D1C2355F76E00BEC137 /* BaseView.swift */ = {isa = PBXFileReference; lastKnownFileType = sourcecode.swift; path = BaseView.swift; sourceTree = "<group>"; };
		02B32D1E2355FC6800BEC137 /* BaseViewModel.swift */ = {isa = PBXFileReference; lastKnownFileType = sourcecode.swift; path = BaseViewModel.swift; sourceTree = "<group>"; };
		02B5FBFF238FD786001544BB /* Base */ = {isa = PBXFileReference; lastKnownFileType = text.plist.strings; name = Base; path = Base.lproj/Localizable.strings; sourceTree = "<group>"; };
		02B5FC0B238FD9DC001544BB /* en */ = {isa = PBXFileReference; lastKnownFileType = text.plist.strings; name = en; path = en.lproj/Localizable.strings; sourceTree = "<group>"; };
		02B5FC1223900017001544BB /* swiftgen.yml */ = {isa = PBXFileReference; fileEncoding = 4; lastKnownFileType = text.yaml; path = swiftgen.yml; sourceTree = "<group>"; };
		02B5FC1723900556001544BB /* Strings.swift */ = {isa = PBXFileReference; fileEncoding = 4; lastKnownFileType = sourcecode.swift; path = Strings.swift; sourceTree = "<group>"; };
		02B5FC1823900556001544BB /* Assets.swift */ = {isa = PBXFileReference; fileEncoding = 4; lastKnownFileType = sourcecode.swift; path = Assets.swift; sourceTree = "<group>"; };
		02B5FC1C23900C55001544BB /* DatabaseManagerUnitTest.swift */ = {isa = PBXFileReference; lastKnownFileType = sourcecode.swift; path = DatabaseManagerUnitTest.swift; sourceTree = "<group>"; };
		02B5FC23239015AB001544BB /* VelibDatabaseUnitTest.swift */ = {isa = PBXFileReference; lastKnownFileType = sourcecode.swift; path = VelibDatabaseUnitTest.swift; sourceTree = "<group>"; };
		02B5FC2623901B74001544BB /* UnitTest.swift */ = {isa = PBXFileReference; lastKnownFileType = sourcecode.swift; path = UnitTest.swift; sourceTree = "<group>"; };
		02B63EA4234F319200E145DA /* google_map_style.json */ = {isa = PBXFileReference; fileEncoding = 4; lastKnownFileType = text.json; path = google_map_style.json; sourceTree = "<group>"; };
		02B8BA95234399300087D8CF /* ViewID.swift */ = {isa = PBXFileReference; fileEncoding = 4; lastKnownFileType = sourcecode.swift; path = ViewID.swift; sourceTree = "<group>"; };
		02C43E0823AD07C10033A07D /* StationInfoModel.swift */ = {isa = PBXFileReference; lastKnownFileType = sourcecode.swift; path = StationInfoModel.swift; sourceTree = "<group>"; };
		02C43E0B23AD0D8F0033A07D /* StationListModel.swift */ = {isa = PBXFileReference; lastKnownFileType = sourcecode.swift; path = StationListModel.swift; sourceTree = "<group>"; };
		02D523B52302EF3600EB1080 /* VelibStations.app */ = {isa = PBXFileReference; explicitFileType = wrapper.application; includeInIndex = 0; path = VelibStations.app; sourceTree = BUILT_PRODUCTS_DIR; };
		02D523B82302EF3600EB1080 /* AppDelegate.swift */ = {isa = PBXFileReference; lastKnownFileType = sourcecode.swift; path = AppDelegate.swift; sourceTree = "<group>"; };
		02D523BA2302EF3600EB1080 /* ViewController.swift */ = {isa = PBXFileReference; lastKnownFileType = sourcecode.swift; path = ViewController.swift; sourceTree = "<group>"; };
		02D523BD2302EF3600EB1080 /* Base */ = {isa = PBXFileReference; lastKnownFileType = file.storyboard; name = Base; path = Base.lproj/Main.storyboard; sourceTree = "<group>"; };
		02D523BF2302EF3800EB1080 /* Assets.xcassets */ = {isa = PBXFileReference; lastKnownFileType = folder.assetcatalog; path = Assets.xcassets; sourceTree = "<group>"; };
		02D523C22302EF3800EB1080 /* Base */ = {isa = PBXFileReference; lastKnownFileType = file.storyboard; name = Base; path = Base.lproj/LaunchScreen.storyboard; sourceTree = "<group>"; };
		02D523C42302EF3800EB1080 /* Info.plist */ = {isa = PBXFileReference; lastKnownFileType = text.plist.xml; path = Info.plist; sourceTree = "<group>"; };
		02D523C92302EF3800EB1080 /* VelibStationsTests.xctest */ = {isa = PBXFileReference; explicitFileType = wrapper.cfbundle; includeInIndex = 0; path = VelibStationsTests.xctest; sourceTree = BUILT_PRODUCTS_DIR; };
		02D523CD2302EF3800EB1080 /* VelibStationsTests.swift */ = {isa = PBXFileReference; lastKnownFileType = sourcecode.swift; path = VelibStationsTests.swift; sourceTree = "<group>"; };
		02D523CF2302EF3800EB1080 /* Info.plist */ = {isa = PBXFileReference; lastKnownFileType = text.plist.xml; path = Info.plist; sourceTree = "<group>"; };
		02D523D42302EF3800EB1080 /* VelibStationsUITests.xctest */ = {isa = PBXFileReference; explicitFileType = wrapper.cfbundle; includeInIndex = 0; path = VelibStationsUITests.xctest; sourceTree = BUILT_PRODUCTS_DIR; };
		02D523D82302EF3800EB1080 /* VelibStationsUITests.swift */ = {isa = PBXFileReference; lastKnownFileType = sourcecode.swift; path = VelibStationsUITests.swift; sourceTree = "<group>"; };
		02D523DA2302EF3800EB1080 /* Info.plist */ = {isa = PBXFileReference; lastKnownFileType = text.plist.xml; path = Info.plist; sourceTree = "<group>"; };
		02D9B17E234B6CBF0065339C /* StationList.storyboard */ = {isa = PBXFileReference; lastKnownFileType = file.storyboard; path = StationList.storyboard; sourceTree = "<group>"; };
		02D9B180234B729C0065339C /* StationInfo.storyboard */ = {isa = PBXFileReference; lastKnownFileType = file.storyboard; path = StationInfo.storyboard; sourceTree = "<group>"; };
		02D9B182234B78400065339C /* Keys.plist */ = {isa = PBXFileReference; lastKnownFileType = text.plist.xml; path = Keys.plist; sourceTree = "<group>"; };
		02D9B185234B93680065339C /* StationListEventType.swift */ = {isa = PBXFileReference; lastKnownFileType = sourcecode.swift; path = StationListEventType.swift; sourceTree = "<group>"; };
		02D9B188234B94550065339C /* MapUtils.swift */ = {isa = PBXFileReference; lastKnownFileType = sourcecode.swift; path = MapUtils.swift; sourceTree = "<group>"; };
		02DCBBE023AA6FFC00AD0507 /* BaseModel.swift */ = {isa = PBXFileReference; lastKnownFileType = sourcecode.swift; path = BaseModel.swift; sourceTree = "<group>"; };
		02E76D342344DBAD00A105FB /* StationListViewController.swift */ = {isa = PBXFileReference; lastKnownFileType = sourcecode.swift; path = StationListViewController.swift; sourceTree = "<group>"; };
		02E76D362344DBBD00A105FB /* StationListViewControllerModel.swift */ = {isa = PBXFileReference; lastKnownFileType = sourcecode.swift; path = StationListViewControllerModel.swift; sourceTree = "<group>"; };
		02E76D382344DCCB00A105FB /* StationInfoViewController.swift */ = {isa = PBXFileReference; lastKnownFileType = sourcecode.swift; path = StationInfoViewController.swift; sourceTree = "<group>"; };
		02E76D3A2344DCD800A105FB /* StationInfoViewControllerModel.swift */ = {isa = PBXFileReference; lastKnownFileType = sourcecode.swift; path = StationInfoViewControllerModel.swift; sourceTree = "<group>"; };
		183D72D9975354ABAE5B5F6A /* Pods-VelibStations.debug.xcconfig */ = {isa = PBXFileReference; includeInIndex = 1; lastKnownFileType = text.xcconfig; name = "Pods-VelibStations.debug.xcconfig"; path = "Target Support Files/Pods-VelibStations/Pods-VelibStations.debug.xcconfig"; sourceTree = "<group>"; };
		3CF4A3DCA49693A9044C45B8 /* Pods-VelibStations.release.xcconfig */ = {isa = PBXFileReference; includeInIndex = 1; lastKnownFileType = text.xcconfig; name = "Pods-VelibStations.release.xcconfig"; path = "Target Support Files/Pods-VelibStations/Pods-VelibStations.release.xcconfig"; sourceTree = "<group>"; };
		445559B7307F5A0525AEA183 /* Pods_VelibStations_VelibStationsUITests.framework */ = {isa = PBXFileReference; explicitFileType = wrapper.framework; includeInIndex = 0; path = Pods_VelibStations_VelibStationsUITests.framework; sourceTree = BUILT_PRODUCTS_DIR; };
		47AB73AE23FBD03834B9D4BC /* Pods-VelibStations-VelibStationsUITests.release.xcconfig */ = {isa = PBXFileReference; includeInIndex = 1; lastKnownFileType = text.xcconfig; name = "Pods-VelibStations-VelibStationsUITests.release.xcconfig"; path = "Target Support Files/Pods-VelibStations-VelibStationsUITests/Pods-VelibStations-VelibStationsUITests.release.xcconfig"; sourceTree = "<group>"; };
		4A2F31064B3E08DA43E4DAB5 /* Pods-VelibStationsTests.release.xcconfig */ = {isa = PBXFileReference; includeInIndex = 1; lastKnownFileType = text.xcconfig; name = "Pods-VelibStationsTests.release.xcconfig"; path = "Target Support Files/Pods-VelibStationsTests/Pods-VelibStationsTests.release.xcconfig"; sourceTree = "<group>"; };
		90CB2720366A2418CC320F93 /* Pods_VelibStationsTests.framework */ = {isa = PBXFileReference; explicitFileType = wrapper.framework; includeInIndex = 0; path = Pods_VelibStationsTests.framework; sourceTree = BUILT_PRODUCTS_DIR; };
		DF3E423A3897A0DB5E1BE9AB /* Pods_VelibStations.framework */ = {isa = PBXFileReference; explicitFileType = wrapper.framework; includeInIndex = 0; path = Pods_VelibStations.framework; sourceTree = BUILT_PRODUCTS_DIR; };
		F3F4CEECDEE24D22FEC38328 /* Pods-VelibStations-VelibStationsUITests.debug.xcconfig */ = {isa = PBXFileReference; includeInIndex = 1; lastKnownFileType = text.xcconfig; name = "Pods-VelibStations-VelibStationsUITests.debug.xcconfig"; path = "Target Support Files/Pods-VelibStations-VelibStationsUITests/Pods-VelibStations-VelibStationsUITests.debug.xcconfig"; sourceTree = "<group>"; };
		FB44300CAAD789283002901D /* Pods-VelibStationsTests.debug.xcconfig */ = {isa = PBXFileReference; includeInIndex = 1; lastKnownFileType = text.xcconfig; name = "Pods-VelibStationsTests.debug.xcconfig"; path = "Target Support Files/Pods-VelibStationsTests/Pods-VelibStationsTests.debug.xcconfig"; sourceTree = "<group>"; };
/* End PBXFileReference section */

/* Begin PBXFrameworksBuildPhase section */
		02D523B22302EF3600EB1080 /* Frameworks */ = {
			isa = PBXFrameworksBuildPhase;
			buildActionMask = 2147483647;
			files = (
				02A1D6162316BB79004E5C52 /* CommonKit.framework in Frameworks */,
				F7B66D116ECAE12594C8BE0B /* Pods_VelibStations.framework in Frameworks */,
			);
			runOnlyForDeploymentPostprocessing = 0;
		};
		02D523C62302EF3800EB1080 /* Frameworks */ = {
			isa = PBXFrameworksBuildPhase;
			buildActionMask = 2147483647;
			files = (
				5545E9500882EEF37CC26951 /* Pods_VelibStationsTests.framework in Frameworks */,
			);
			runOnlyForDeploymentPostprocessing = 0;
		};
		02D523D12302EF3800EB1080 /* Frameworks */ = {
			isa = PBXFrameworksBuildPhase;
			buildActionMask = 2147483647;
			files = (
				80A75F522CA48EC6E037487F /* Pods_VelibStations_VelibStationsUITests.framework in Frameworks */,
			);
			runOnlyForDeploymentPostprocessing = 0;
		};
/* End PBXFrameworksBuildPhase section */

/* Begin PBXGroup section */
		028591A5238EC86000B95282 /* View */ = {
			isa = PBXGroup;
			children = (
				02E76D382344DCCB00A105FB /* StationInfoViewController.swift */,
				02B1E4F5234DE65700CC3050 /* PropertyTableCell.swift */,
			);
			path = View;
			sourceTree = "<group>";
		};
		028591A6238EC87E00B95282 /* Model */ = {
			isa = PBXGroup;
			children = (
				02B1E4FA234DEE3F00CC3050 /* Property.swift */,
				02C43E0823AD07C10033A07D /* StationInfoModel.swift */,
			);
			path = Model;
			sourceTree = "<group>";
		};
		028591A7238EC88B00B95282 /* ViewModel */ = {
			isa = PBXGroup;
			children = (
				02E76D3A2344DCD800A105FB /* StationInfoViewControllerModel.swift */,
			);
			path = ViewModel;
			sourceTree = "<group>";
		};
		028591A8238EC89B00B95282 /* View */ = {
			isa = PBXGroup;
			children = (
				02E76D342344DBAD00A105FB /* StationListViewController.swift */,
			);
			path = View;
			sourceTree = "<group>";
		};
		028591A9238EC8A600B95282 /* ViewModel */ = {
			isa = PBXGroup;
			children = (
				02E76D362344DBBD00A105FB /* StationListViewControllerModel.swift */,
			);
			path = ViewModel;
			sourceTree = "<group>";
		};
		02A1D6092316B973004E5C52 /* Frameworks */ = {
			isa = PBXGroup;
			children = (
				DF3E423A3897A0DB5E1BE9AB /* Pods_VelibStations.framework */,
				445559B7307F5A0525AEA183 /* Pods_VelibStations_VelibStationsUITests.framework */,
				90CB2720366A2418CC320F93 /* Pods_VelibStationsTests.framework */,
			);
			name = Frameworks;
			sourceTree = "<group>";
		};
		02B1E4F2234DE18C00CC3050 /* Extension */ = {
			isa = PBXGroup;
			children = (
				02B1E4F3234DE19D00CC3050 /* String.swift */,
			);
			path = Extension;
			sourceTree = "<group>";
		};
		02B1E4F7234DECD500CC3050 /* Event */ = {
			isa = PBXGroup;
			children = (
				02B1E4F8234DECF300CC3050 /* StationInfoEventType.swift */,
			);
			path = Event;
			sourceTree = "<group>";
		};
		02B32D1A2355F73800BEC137 /* Common */ = {
			isa = PBXGroup;
			children = (
				02B32D1B2355F73F00BEC137 /* View */,
			);
			path = Common;
			sourceTree = "<group>";
		};
		02B32D1B2355F73F00BEC137 /* View */ = {
			isa = PBXGroup;
			children = (
				02B32D1C2355F76E00BEC137 /* BaseView.swift */,
				02B32D1E2355FC6800BEC137 /* BaseViewModel.swift */,
				02DCBBE023AA6FFC00AD0507 /* BaseModel.swift */,
			);
			path = View;
			sourceTree = "<group>";
		};
		02B5FC0C238FDA29001544BB /* Storyboard */ = {
			isa = PBXGroup;
			children = (
				02B5FC0E238FDA4C001544BB /* StationInfo */,
				02B5FC0D238FDA31001544BB /* StationList */,
			);
			path = Storyboard;
			sourceTree = "<group>";
		};
		02B5FC0D238FDA31001544BB /* StationList */ = {
			isa = PBXGroup;
			children = (
				02D9B17E234B6CBF0065339C /* StationList.storyboard */,
			);
			path = StationList;
			sourceTree = "<group>";
		};
		02B5FC0E238FDA4C001544BB /* StationInfo */ = {
			isa = PBXGroup;
			children = (
				02D9B180234B729C0065339C /* StationInfo.storyboard */,
			);
			path = StationInfo;
			sourceTree = "<group>";
		};
		02B5FC162390050F001544BB /* Resources */ = {
			isa = PBXGroup;
			children = (
				02B5FC1823900556001544BB /* Assets.swift */,
				02B5FC1723900556001544BB /* Strings.swift */,
			);
			path = Resources;
			sourceTree = "<group>";
		};
		02B5FC21239014DF001544BB /* Database */ = {
			isa = PBXGroup;
			children = (
				02B5FC222390157B001544BB /* Velib */,
				02B5FC1C23900C55001544BB /* DatabaseManagerUnitTest.swift */,
			);
			path = Database;
			sourceTree = "<group>";
		};
		02B5FC222390157B001544BB /* Velib */ = {
			isa = PBXGroup;
			children = (
				02B5FC23239015AB001544BB /* VelibDatabaseUnitTest.swift */,
			);
			path = Velib;
			sourceTree = "<group>";
		};
		02B5FC2523901AEA001544BB /* Common */ = {
			isa = PBXGroup;
			children = (
				02B5FC2823901BA4001544BB /* Core */,
				02B5FC21239014DF001544BB /* Database */,
			);
			path = Common;
			sourceTree = "<group>";
		};
		02B5FC2823901BA4001544BB /* Core */ = {
			isa = PBXGroup;
			children = (
				02B5FC2623901B74001544BB /* UnitTest.swift */,
			);
			path = Core;
			sourceTree = "<group>";
		};
		02B63EA1234F304300E145DA /* Style */ = {
			isa = PBXGroup;
			children = (
				02B63EA4234F319200E145DA /* google_map_style.json */,
			);
			path = Style;
			sourceTree = "<group>";
		};
		02B8BA86234352620087D8CF /* View */ = {
			isa = PBXGroup;
			children = (
				02B8BA95234399300087D8CF /* ViewID.swift */,
			);
			path = View;
			sourceTree = "<group>";
		};
		02C43E0A23AD0D640033A07D /* Model */ = {
			isa = PBXGroup;
			children = (
				02C43E0B23AD0D8F0033A07D /* StationListModel.swift */,
			);
			path = Model;
			sourceTree = "<group>";
		};
		02D523AC2302EF3600EB1080 = {
			isa = PBXGroup;
			children = (
				02B5FC1223900017001544BB /* swiftgen.yml */,
				02B32D1A2355F73800BEC137 /* Common */,
				02A1D6152316BB79004E5C52 /* CommonKit.framework */,
				02D523B72302EF3600EB1080 /* VelibStations */,
				02D523CC2302EF3800EB1080 /* VelibStationsTests */,
				02D523D72302EF3800EB1080 /* VelibStationsUITests */,
				02D523B62302EF3600EB1080 /* Products */,
				02A1D6092316B973004E5C52 /* Frameworks */,
				EB699FF399FB650EAFFA165D /* Pods */,
			);
			sourceTree = "<group>";
		};
		02D523B62302EF3600EB1080 /* Products */ = {
			isa = PBXGroup;
			children = (
				02D523B52302EF3600EB1080 /* VelibStations.app */,
				02D523C92302EF3800EB1080 /* VelibStationsTests.xctest */,
				02D523D42302EF3800EB1080 /* VelibStationsUITests.xctest */,
			);
			name = Products;
			sourceTree = "<group>";
		};
		02D523B72302EF3600EB1080 /* VelibStations */ = {
			isa = PBXGroup;
			children = (
				02B5FC162390050F001544BB /* Resources */,
				02B5FC0C238FDA29001544BB /* Storyboard */,
				02B63EA1234F304300E145DA /* Style */,
				02B1E4F2234DE18C00CC3050 /* Extension */,
				02D9B187234B94470065339C /* Utils */,
				02E76D312344DB8000A105FB /* Feature */,
				02B8BA86234352620087D8CF /* View */,
				02D523B82302EF3600EB1080 /* AppDelegate.swift */,
				02D523BA2302EF3600EB1080 /* ViewController.swift */,
				02D523BC2302EF3600EB1080 /* Main.storyboard */,
				02D523BF2302EF3800EB1080 /* Assets.xcassets */,
				02D523C12302EF3800EB1080 /* LaunchScreen.storyboard */,
				02D523C42302EF3800EB1080 /* Info.plist */,
				02B5FBFE238FD786001544BB /* Localizable.strings */,
				02D9B182234B78400065339C /* Keys.plist */,
			);
			path = VelibStations;
			sourceTree = "<group>";
		};
		02D523CC2302EF3800EB1080 /* VelibStationsTests */ = {
			isa = PBXGroup;
			children = (
				02B5FC2523901AEA001544BB /* Common */,
				02D523CD2302EF3800EB1080 /* VelibStationsTests.swift */,
				02D523CF2302EF3800EB1080 /* Info.plist */,
			);
			path = VelibStationsTests;
			sourceTree = "<group>";
		};
		02D523D72302EF3800EB1080 /* VelibStationsUITests */ = {
			isa = PBXGroup;
			children = (
				02D523D82302EF3800EB1080 /* VelibStationsUITests.swift */,
				02D523DA2302EF3800EB1080 /* Info.plist */,
			);
			path = VelibStationsUITests;
			sourceTree = "<group>";
		};
		02D9B184234B93520065339C /* Event */ = {
			isa = PBXGroup;
			children = (
				02D9B185234B93680065339C /* StationListEventType.swift */,
			);
			path = Event;
			sourceTree = "<group>";
		};
		02D9B187234B94470065339C /* Utils */ = {
			isa = PBXGroup;
			children = (
				02D9B188234B94550065339C /* MapUtils.swift */,
			);
			path = Utils;
			sourceTree = "<group>";
		};
		02E76D312344DB8000A105FB /* Feature */ = {
			isa = PBXGroup;
			children = (
				02E76D332344DB9500A105FB /* StationInfo */,
				02E76D322344DB8B00A105FB /* StationList */,
			);
			path = Feature;
			sourceTree = "<group>";
		};
		02E76D322344DB8B00A105FB /* StationList */ = {
			isa = PBXGroup;
			children = (
				02C43E0A23AD0D640033A07D /* Model */,
				028591A9238EC8A600B95282 /* ViewModel */,
				028591A8238EC89B00B95282 /* View */,
				02D9B184234B93520065339C /* Event */,
			);
			path = StationList;
			sourceTree = "<group>";
		};
		02E76D332344DB9500A105FB /* StationInfo */ = {
			isa = PBXGroup;
			children = (
				028591A7238EC88B00B95282 /* ViewModel */,
				028591A6238EC87E00B95282 /* Model */,
				028591A5238EC86000B95282 /* View */,
				02B1E4F7234DECD500CC3050 /* Event */,
			);
			path = StationInfo;
			sourceTree = "<group>";
		};
		EB699FF399FB650EAFFA165D /* Pods */ = {
			isa = PBXGroup;
			children = (
				183D72D9975354ABAE5B5F6A /* Pods-VelibStations.debug.xcconfig */,
				3CF4A3DCA49693A9044C45B8 /* Pods-VelibStations.release.xcconfig */,
				F3F4CEECDEE24D22FEC38328 /* Pods-VelibStations-VelibStationsUITests.debug.xcconfig */,
				47AB73AE23FBD03834B9D4BC /* Pods-VelibStations-VelibStationsUITests.release.xcconfig */,
				FB44300CAAD789283002901D /* Pods-VelibStationsTests.debug.xcconfig */,
				4A2F31064B3E08DA43E4DAB5 /* Pods-VelibStationsTests.release.xcconfig */,
			);
			path = Pods;
			sourceTree = "<group>";
		};
/* End PBXGroup section */

/* Begin PBXNativeTarget section */
		02D523B42302EF3600EB1080 /* VelibStations */ = {
			isa = PBXNativeTarget;
			buildConfigurationList = 02D523DD2302EF3800EB1080 /* Build configuration list for PBXNativeTarget "VelibStations" */;
			buildPhases = (
				CCFF3EBD1E9C6ED3A9C662FE /* [CP] Check Pods Manifest.lock */,
				02D523EA2302F3CE00EB1080 /* ShellScript */,
				02D523B12302EF3600EB1080 /* Sources */,
				02D523B22302EF3600EB1080 /* Frameworks */,
				02D523B32302EF3600EB1080 /* Resources */,
				02A1D6182316BB79004E5C52 /* Embed Frameworks */,
				08E3AE0FD036422332E43B22 /* [CP] Copy Pods Resources */,
				44454268D6082D201521D22D /* [CP] Embed Pods Frameworks */,
			);
			buildRules = (
			);
			dependencies = (
			);
			name = VelibStations;
			productName = VelibStations;
			productReference = 02D523B52302EF3600EB1080 /* VelibStations.app */;
			productType = "com.apple.product-type.application";
		};
		02D523C82302EF3800EB1080 /* VelibStationsTests */ = {
			isa = PBXNativeTarget;
			buildConfigurationList = 02D523E02302EF3800EB1080 /* Build configuration list for PBXNativeTarget "VelibStationsTests" */;
			buildPhases = (
				BB79E6BF0A8F9F7F11C5CCBB /* [CP] Check Pods Manifest.lock */,
				02D523C52302EF3800EB1080 /* Sources */,
				02D523C62302EF3800EB1080 /* Frameworks */,
				02D523C72302EF3800EB1080 /* Resources */,
			);
			buildRules = (
			);
			dependencies = (
				02D523CB2302EF3800EB1080 /* PBXTargetDependency */,
			);
			name = VelibStationsTests;
			productName = VelibStationsTests;
			productReference = 02D523C92302EF3800EB1080 /* VelibStationsTests.xctest */;
			productType = "com.apple.product-type.bundle.unit-test";
		};
		02D523D32302EF3800EB1080 /* VelibStationsUITests */ = {
			isa = PBXNativeTarget;
			buildConfigurationList = 02D523E32302EF3800EB1080 /* Build configuration list for PBXNativeTarget "VelibStationsUITests" */;
			buildPhases = (
				95334A9D7CD01B0C660984A7 /* [CP] Check Pods Manifest.lock */,
				02D523D02302EF3800EB1080 /* Sources */,
				02D523D12302EF3800EB1080 /* Frameworks */,
				02D523D22302EF3800EB1080 /* Resources */,
				5E52C9E278CC4CE0A4AD8E1C /* [CP] Copy Pods Resources */,
				48DFF46C8AD9B8D55C2BD720 /* [CP] Embed Pods Frameworks */,
			);
			buildRules = (
			);
			dependencies = (
				02D523D62302EF3800EB1080 /* PBXTargetDependency */,
			);
			name = VelibStationsUITests;
			productName = VelibStationsUITests;
			productReference = 02D523D42302EF3800EB1080 /* VelibStationsUITests.xctest */;
			productType = "com.apple.product-type.bundle.ui-testing";
		};
/* End PBXNativeTarget section */

/* Begin PBXProject section */
		02D523AD2302EF3600EB1080 /* Project object */ = {
			isa = PBXProject;
			attributes = {
				LastSwiftUpdateCheck = 1030;
				LastUpgradeCheck = 1030;
				ORGANIZATIONNAME = "";
				TargetAttributes = {
					02D523B42302EF3600EB1080 = {
						CreatedOnToolsVersion = 10.3;
					};
					02D523C82302EF3800EB1080 = {
						CreatedOnToolsVersion = 10.3;
						TestTargetID = 02D523B42302EF3600EB1080;
					};
					02D523D32302EF3800EB1080 = {
						CreatedOnToolsVersion = 10.3;
						TestTargetID = 02D523B42302EF3600EB1080;
					};
				};
			};
			buildConfigurationList = 02D523B02302EF3600EB1080 /* Build configuration list for PBXProject "VelibStations" */;
			compatibilityVersion = "Xcode 9.3";
			developmentRegion = en;
			hasScannedForEncodings = 0;
			knownRegions = (
				en,
				Base,
			);
			mainGroup = 02D523AC2302EF3600EB1080;
			productRefGroup = 02D523B62302EF3600EB1080 /* Products */;
			projectDirPath = "";
			projectRoot = "";
			targets = (
				02D523B42302EF3600EB1080 /* VelibStations */,
				02D523C82302EF3800EB1080 /* VelibStationsTests */,
				02D523D32302EF3800EB1080 /* VelibStationsUITests */,
			);
		};
/* End PBXProject section */

/* Begin PBXResourcesBuildPhase section */
		02D523B32302EF3600EB1080 /* Resources */ = {
			isa = PBXResourcesBuildPhase;
			buildActionMask = 2147483647;
			files = (
				02D9B183234B78400065339C /* Keys.plist in Resources */,
				02D523C32302EF3800EB1080 /* LaunchScreen.storyboard in Resources */,
				02B63EA5234F319200E145DA /* google_map_style.json in Resources */,
				02D9B181234B729C0065339C /* StationInfo.storyboard in Resources */,
				02B5FC00238FD786001544BB /* Localizable.strings in Resources */,
				02D523C02302EF3800EB1080 /* Assets.xcassets in Resources */,
				02D523BE2302EF3600EB1080 /* Main.storyboard in Resources */,
				02D9B17F234B6CBF0065339C /* StationList.storyboard in Resources */,
				02B5FC1323900017001544BB /* swiftgen.yml in Resources */,
			);
			runOnlyForDeploymentPostprocessing = 0;
		};
		02D523C72302EF3800EB1080 /* Resources */ = {
			isa = PBXResourcesBuildPhase;
			buildActionMask = 2147483647;
			files = (
			);
			runOnlyForDeploymentPostprocessing = 0;
		};
		02D523D22302EF3800EB1080 /* Resources */ = {
			isa = PBXResourcesBuildPhase;
			buildActionMask = 2147483647;
			files = (
			);
			runOnlyForDeploymentPostprocessing = 0;
		};
/* End PBXResourcesBuildPhase section */

/* Begin PBXShellScriptBuildPhase section */
		02D523EA2302F3CE00EB1080 /* ShellScript */ = {
			isa = PBXShellScriptBuildPhase;
			buildActionMask = 2147483647;
			files = (
			);
			inputFileListPaths = (
			);
			inputPaths = (
			);
			outputFileListPaths = (
			);
			outputPaths = (
			);
			runOnlyForDeploymentPostprocessing = 0;
			shellPath = /bin/sh;
			shellScript = "cd \"../VelibStations_Android/common/build/xcode-frameworks\"\n./gradlew :common:packForXCode -PXCODE_CONFIGURATION=${CONFIGURATION}\n\n$PODS_ROOT/SwiftGen/bin/swiftgen config run --config $PROJECT_DIR/swiftgen.yml\n";
		};
		08E3AE0FD036422332E43B22 /* [CP] Copy Pods Resources */ = {
			isa = PBXShellScriptBuildPhase;
			buildActionMask = 2147483647;
			files = (
			);
			inputFileListPaths = (
				"${PODS_ROOT}/Target Support Files/Pods-VelibStations/Pods-VelibStations-resources-${CONFIGURATION}-input-files.xcfilelist",
			);
			name = "[CP] Copy Pods Resources";
			outputFileListPaths = (
				"${PODS_ROOT}/Target Support Files/Pods-VelibStations/Pods-VelibStations-resources-${CONFIGURATION}-output-files.xcfilelist",
			);
			runOnlyForDeploymentPostprocessing = 0;
			shellPath = /bin/sh;
			shellScript = "\"${PODS_ROOT}/Target Support Files/Pods-VelibStations/Pods-VelibStations-resources.sh\"\n";
			showEnvVarsInLog = 0;
		};
		44454268D6082D201521D22D /* [CP] Embed Pods Frameworks */ = {
			isa = PBXShellScriptBuildPhase;
			buildActionMask = 2147483647;
			files = (
			);
			inputFileListPaths = (
				"${PODS_ROOT}/Target Support Files/Pods-VelibStations/Pods-VelibStations-frameworks-${CONFIGURATION}-input-files.xcfilelist",
			);
			name = "[CP] Embed Pods Frameworks";
			outputFileListPaths = (
				"${PODS_ROOT}/Target Support Files/Pods-VelibStations/Pods-VelibStations-frameworks-${CONFIGURATION}-output-files.xcfilelist",
			);
			runOnlyForDeploymentPostprocessing = 0;
			shellPath = /bin/sh;
			shellScript = "\"${PODS_ROOT}/Target Support Files/Pods-VelibStations/Pods-VelibStations-frameworks.sh\"\n";
			showEnvVarsInLog = 0;
		};
		48DFF46C8AD9B8D55C2BD720 /* [CP] Embed Pods Frameworks */ = {
			isa = PBXShellScriptBuildPhase;
			buildActionMask = 2147483647;
			files = (
			);
			inputFileListPaths = (
				"${PODS_ROOT}/Target Support Files/Pods-VelibStations-VelibStationsUITests/Pods-VelibStations-VelibStationsUITests-frameworks-${CONFIGURATION}-input-files.xcfilelist",
			);
			name = "[CP] Embed Pods Frameworks";
			outputFileListPaths = (
				"${PODS_ROOT}/Target Support Files/Pods-VelibStations-VelibStationsUITests/Pods-VelibStations-VelibStationsUITests-frameworks-${CONFIGURATION}-output-files.xcfilelist",
			);
			runOnlyForDeploymentPostprocessing = 0;
			shellPath = /bin/sh;
			shellScript = "\"${PODS_ROOT}/Target Support Files/Pods-VelibStations-VelibStationsUITests/Pods-VelibStations-VelibStationsUITests-frameworks.sh\"\n";
			showEnvVarsInLog = 0;
		};
		5E52C9E278CC4CE0A4AD8E1C /* [CP] Copy Pods Resources */ = {
			isa = PBXShellScriptBuildPhase;
			buildActionMask = 2147483647;
			files = (
			);
			inputFileListPaths = (
				"${PODS_ROOT}/Target Support Files/Pods-VelibStations-VelibStationsUITests/Pods-VelibStations-VelibStationsUITests-resources-${CONFIGURATION}-input-files.xcfilelist",
			);
			name = "[CP] Copy Pods Resources";
			outputFileListPaths = (
				"${PODS_ROOT}/Target Support Files/Pods-VelibStations-VelibStationsUITests/Pods-VelibStations-VelibStationsUITests-resources-${CONFIGURATION}-output-files.xcfilelist",
			);
			runOnlyForDeploymentPostprocessing = 0;
			shellPath = /bin/sh;
			shellScript = "\"${PODS_ROOT}/Target Support Files/Pods-VelibStations-VelibStationsUITests/Pods-VelibStations-VelibStationsUITests-resources.sh\"\n";
			showEnvVarsInLog = 0;
		};
		95334A9D7CD01B0C660984A7 /* [CP] Check Pods Manifest.lock */ = {
			isa = PBXShellScriptBuildPhase;
			buildActionMask = 2147483647;
			files = (
			);
			inputFileListPaths = (
			);
			inputPaths = (
				"${PODS_PODFILE_DIR_PATH}/Podfile.lock",
				"${PODS_ROOT}/Manifest.lock",
			);
			name = "[CP] Check Pods Manifest.lock";
			outputFileListPaths = (
			);
			outputPaths = (
				"$(DERIVED_FILE_DIR)/Pods-VelibStations-VelibStationsUITests-checkManifestLockResult.txt",
			);
			runOnlyForDeploymentPostprocessing = 0;
			shellPath = /bin/sh;
			shellScript = "diff \"${PODS_PODFILE_DIR_PATH}/Podfile.lock\" \"${PODS_ROOT}/Manifest.lock\" > /dev/null\nif [ $? != 0 ] ; then\n    # print error to STDERR\n    echo \"error: The sandbox is not in sync with the Podfile.lock. Run 'pod install' or update your CocoaPods installation.\" >&2\n    exit 1\nfi\n# This output is used by Xcode 'outputs' to avoid re-running this script phase.\necho \"SUCCESS\" > \"${SCRIPT_OUTPUT_FILE_0}\"\n";
			showEnvVarsInLog = 0;
		};
		BB79E6BF0A8F9F7F11C5CCBB /* [CP] Check Pods Manifest.lock */ = {
			isa = PBXShellScriptBuildPhase;
			buildActionMask = 2147483647;
			files = (
			);
			inputFileListPaths = (
			);
			inputPaths = (
				"${PODS_PODFILE_DIR_PATH}/Podfile.lock",
				"${PODS_ROOT}/Manifest.lock",
			);
			name = "[CP] Check Pods Manifest.lock";
			outputFileListPaths = (
			);
			outputPaths = (
				"$(DERIVED_FILE_DIR)/Pods-VelibStationsTests-checkManifestLockResult.txt",
			);
			runOnlyForDeploymentPostprocessing = 0;
			shellPath = /bin/sh;
			shellScript = "diff \"${PODS_PODFILE_DIR_PATH}/Podfile.lock\" \"${PODS_ROOT}/Manifest.lock\" > /dev/null\nif [ $? != 0 ] ; then\n    # print error to STDERR\n    echo \"error: The sandbox is not in sync with the Podfile.lock. Run 'pod install' or update your CocoaPods installation.\" >&2\n    exit 1\nfi\n# This output is used by Xcode 'outputs' to avoid re-running this script phase.\necho \"SUCCESS\" > \"${SCRIPT_OUTPUT_FILE_0}\"\n";
			showEnvVarsInLog = 0;
		};
		CCFF3EBD1E9C6ED3A9C662FE /* [CP] Check Pods Manifest.lock */ = {
			isa = PBXShellScriptBuildPhase;
			buildActionMask = 2147483647;
			files = (
			);
			inputFileListPaths = (
			);
			inputPaths = (
				"${PODS_PODFILE_DIR_PATH}/Podfile.lock",
				"${PODS_ROOT}/Manifest.lock",
			);
			name = "[CP] Check Pods Manifest.lock";
			outputFileListPaths = (
			);
			outputPaths = (
				"$(DERIVED_FILE_DIR)/Pods-VelibStations-checkManifestLockResult.txt",
			);
			runOnlyForDeploymentPostprocessing = 0;
			shellPath = /bin/sh;
			shellScript = "diff \"${PODS_PODFILE_DIR_PATH}/Podfile.lock\" \"${PODS_ROOT}/Manifest.lock\" > /dev/null\nif [ $? != 0 ] ; then\n    # print error to STDERR\n    echo \"error: The sandbox is not in sync with the Podfile.lock. Run 'pod install' or update your CocoaPods installation.\" >&2\n    exit 1\nfi\n# This output is used by Xcode 'outputs' to avoid re-running this script phase.\necho \"SUCCESS\" > \"${SCRIPT_OUTPUT_FILE_0}\"\n";
			showEnvVarsInLog = 0;
		};
/* End PBXShellScriptBuildPhase section */

/* Begin PBXSourcesBuildPhase section */
		02D523B12302EF3600EB1080 /* Sources */ = {
			isa = PBXSourcesBuildPhase;
			buildActionMask = 2147483647;
			files = (
				02DCBBE123AA6FFC00AD0507 /* BaseModel.swift in Sources */,
				02D523BB2302EF3600EB1080 /* ViewController.swift in Sources */,
				02B1E4FB234DEE3F00CC3050 /* Property.swift in Sources */,
				02B5FC1923900556001544BB /* Strings.swift in Sources */,
				02B1E4F6234DE65700CC3050 /* PropertyTableCell.swift in Sources */,
				02D9B189234B94550065339C /* MapUtils.swift in Sources */,
				02B1E4F9234DECF300CC3050 /* StationInfoEventType.swift in Sources */,
				02B5FC1A23900556001544BB /* Assets.swift in Sources */,
				02B32D1D2355F76E00BEC137 /* BaseView.swift in Sources */,
				02C43E0923AD07C10033A07D /* StationInfoModel.swift in Sources */,
				02E76D392344DCCB00A105FB /* StationInfoViewController.swift in Sources */,
				02B8BA96234399300087D8CF /* ViewID.swift in Sources */,
				02C43E0C23AD0D8F0033A07D /* StationListModel.swift in Sources */,
				02E76D352344DBAD00A105FB /* StationListViewController.swift in Sources */,
				02D9B186234B93680065339C /* StationListEventType.swift in Sources */,
				02E76D372344DBBD00A105FB /* StationListViewControllerModel.swift in Sources */,
				02B32D1F2355FC6800BEC137 /* BaseViewModel.swift in Sources */,
				02E76D3B2344DCD800A105FB /* StationInfoViewControllerModel.swift in Sources */,
				02B1E4F4234DE19D00CC3050 /* String.swift in Sources */,
				02D523B92302EF3600EB1080 /* AppDelegate.swift in Sources */,
			);
			runOnlyForDeploymentPostprocessing = 0;
		};
		02D523C52302EF3800EB1080 /* Sources */ = {
			isa = PBXSourcesBuildPhase;
			buildActionMask = 2147483647;
			files = (
				02B5FC1D23900C55001544BB /* DatabaseManagerUnitTest.swift in Sources */,
				02B5FC2723901B74001544BB /* UnitTest.swift in Sources */,
				02B5FC24239015AB001544BB /* VelibDatabaseUnitTest.swift in Sources */,
				02D523CE2302EF3800EB1080 /* VelibStationsTests.swift in Sources */,
			);
			runOnlyForDeploymentPostprocessing = 0;
		};
		02D523D02302EF3800EB1080 /* Sources */ = {
			isa = PBXSourcesBuildPhase;
			buildActionMask = 2147483647;
			files = (
				02D523D92302EF3800EB1080 /* VelibStationsUITests.swift in Sources */,
			);
			runOnlyForDeploymentPostprocessing = 0;
		};
/* End PBXSourcesBuildPhase section */

/* Begin PBXTargetDependency section */
		02D523CB2302EF3800EB1080 /* PBXTargetDependency */ = {
			isa = PBXTargetDependency;
			target = 02D523B42302EF3600EB1080 /* VelibStations */;
			targetProxy = 02D523CA2302EF3800EB1080 /* PBXContainerItemProxy */;
		};
		02D523D62302EF3800EB1080 /* PBXTargetDependency */ = {
			isa = PBXTargetDependency;
			target = 02D523B42302EF3600EB1080 /* VelibStations */;
			targetProxy = 02D523D52302EF3800EB1080 /* PBXContainerItemProxy */;
		};
/* End PBXTargetDependency section */

/* Begin PBXVariantGroup section */
		02B5FBFE238FD786001544BB /* Localizable.strings */ = {
			isa = PBXVariantGroup;
			children = (
				02B5FBFF238FD786001544BB /* Base */,
				02B5FC0B238FD9DC001544BB /* en */,
			);
			name = Localizable.strings;
			sourceTree = "<group>";
		};
		02D523BC2302EF3600EB1080 /* Main.storyboard */ = {
			isa = PBXVariantGroup;
			children = (
				02D523BD2302EF3600EB1080 /* Base */,
			);
			name = Main.storyboard;
			sourceTree = "<group>";
		};
		02D523C12302EF3800EB1080 /* LaunchScreen.storyboard */ = {
			isa = PBXVariantGroup;
			children = (
				02D523C22302EF3800EB1080 /* Base */,
			);
			name = LaunchScreen.storyboard;
			sourceTree = "<group>";
		};
/* End PBXVariantGroup section */

/* Begin XCBuildConfiguration section */
		02D523DB2302EF3800EB1080 /* Debug */ = {
			isa = XCBuildConfiguration;
			buildSettings = {
				ALWAYS_SEARCH_USER_PATHS = NO;
				CLANG_ANALYZER_LOCALIZABILITY_NONLOCALIZED = YES;
				CLANG_ANALYZER_NONNULL = YES;
				CLANG_ANALYZER_NUMBER_OBJECT_CONVERSION = YES_AGGRESSIVE;
				CLANG_CXX_LANGUAGE_STANDARD = "gnu++14";
				CLANG_CXX_LIBRARY = "libc++";
				CLANG_ENABLE_MODULES = YES;
				CLANG_ENABLE_OBJC_ARC = YES;
				CLANG_ENABLE_OBJC_WEAK = YES;
				CLANG_WARN_BLOCK_CAPTURE_AUTORELEASING = YES;
				CLANG_WARN_BOOL_CONVERSION = YES;
				CLANG_WARN_COMMA = YES;
				CLANG_WARN_CONSTANT_CONVERSION = YES;
				CLANG_WARN_DEPRECATED_OBJC_IMPLEMENTATIONS = YES;
				CLANG_WARN_DIRECT_OBJC_ISA_USAGE = YES_ERROR;
				CLANG_WARN_DOCUMENTATION_COMMENTS = YES;
				CLANG_WARN_EMPTY_BODY = YES;
				CLANG_WARN_ENUM_CONVERSION = YES;
				CLANG_WARN_INFINITE_RECURSION = YES;
				CLANG_WARN_INT_CONVERSION = YES;
				CLANG_WARN_NON_LITERAL_NULL_CONVERSION = YES;
				CLANG_WARN_OBJC_IMPLICIT_RETAIN_SELF = YES;
				CLANG_WARN_OBJC_LITERAL_CONVERSION = YES;
				CLANG_WARN_OBJC_ROOT_CLASS = YES_ERROR;
				CLANG_WARN_RANGE_LOOP_ANALYSIS = YES;
				CLANG_WARN_STRICT_PROTOTYPES = YES;
				CLANG_WARN_SUSPICIOUS_MOVE = YES;
				CLANG_WARN_UNGUARDED_AVAILABILITY = YES_AGGRESSIVE;
				CLANG_WARN_UNREACHABLE_CODE = YES;
				CLANG_WARN__DUPLICATE_METHOD_MATCH = YES;
				CODE_SIGN_IDENTITY = "iPhone Developer";
				COPY_PHASE_STRIP = NO;
				DEBUG_INFORMATION_FORMAT = dwarf;
				ENABLE_STRICT_OBJC_MSGSEND = YES;
				ENABLE_TESTABILITY = YES;
				GCC_C_LANGUAGE_STANDARD = gnu11;
				GCC_DYNAMIC_NO_PIC = NO;
				GCC_NO_COMMON_BLOCKS = YES;
				GCC_OPTIMIZATION_LEVEL = 0;
				GCC_PREPROCESSOR_DEFINITIONS = (
					"DEBUG=1",
					"$(inherited)",
				);
				GCC_WARN_64_TO_32_BIT_CONVERSION = YES;
				GCC_WARN_ABOUT_RETURN_TYPE = YES_ERROR;
				GCC_WARN_UNDECLARED_SELECTOR = YES;
				GCC_WARN_UNINITIALIZED_AUTOS = YES_AGGRESSIVE;
				GCC_WARN_UNUSED_FUNCTION = YES;
				GCC_WARN_UNUSED_VARIABLE = YES;
				IPHONEOS_DEPLOYMENT_TARGET = 9.0;
				MTL_ENABLE_DEBUG_INFO = INCLUDE_SOURCE;
				MTL_FAST_MATH = YES;
				ONLY_ACTIVE_ARCH = YES;
				SDKROOT = iphoneos;
				SWIFT_ACTIVE_COMPILATION_CONDITIONS = DEBUG;
				SWIFT_OPTIMIZATION_LEVEL = "-Onone";
			};
			name = Debug;
		};
		02D523DC2302EF3800EB1080 /* Release */ = {
			isa = XCBuildConfiguration;
			buildSettings = {
				ALWAYS_SEARCH_USER_PATHS = NO;
				CLANG_ANALYZER_LOCALIZABILITY_NONLOCALIZED = YES;
				CLANG_ANALYZER_NONNULL = YES;
				CLANG_ANALYZER_NUMBER_OBJECT_CONVERSION = YES_AGGRESSIVE;
				CLANG_CXX_LANGUAGE_STANDARD = "gnu++14";
				CLANG_CXX_LIBRARY = "libc++";
				CLANG_ENABLE_MODULES = YES;
				CLANG_ENABLE_OBJC_ARC = YES;
				CLANG_ENABLE_OBJC_WEAK = YES;
				CLANG_WARN_BLOCK_CAPTURE_AUTORELEASING = YES;
				CLANG_WARN_BOOL_CONVERSION = YES;
				CLANG_WARN_COMMA = YES;
				CLANG_WARN_CONSTANT_CONVERSION = YES;
				CLANG_WARN_DEPRECATED_OBJC_IMPLEMENTATIONS = YES;
				CLANG_WARN_DIRECT_OBJC_ISA_USAGE = YES_ERROR;
				CLANG_WARN_DOCUMENTATION_COMMENTS = YES;
				CLANG_WARN_EMPTY_BODY = YES;
				CLANG_WARN_ENUM_CONVERSION = YES;
				CLANG_WARN_INFINITE_RECURSION = YES;
				CLANG_WARN_INT_CONVERSION = YES;
				CLANG_WARN_NON_LITERAL_NULL_CONVERSION = YES;
				CLANG_WARN_OBJC_IMPLICIT_RETAIN_SELF = YES;
				CLANG_WARN_OBJC_LITERAL_CONVERSION = YES;
				CLANG_WARN_OBJC_ROOT_CLASS = YES_ERROR;
				CLANG_WARN_RANGE_LOOP_ANALYSIS = YES;
				CLANG_WARN_STRICT_PROTOTYPES = YES;
				CLANG_WARN_SUSPICIOUS_MOVE = YES;
				CLANG_WARN_UNGUARDED_AVAILABILITY = YES_AGGRESSIVE;
				CLANG_WARN_UNREACHABLE_CODE = YES;
				CLANG_WARN__DUPLICATE_METHOD_MATCH = YES;
				CODE_SIGN_IDENTITY = "iPhone Developer";
				COPY_PHASE_STRIP = NO;
				DEBUG_INFORMATION_FORMAT = "dwarf-with-dsym";
				ENABLE_NS_ASSERTIONS = NO;
				ENABLE_STRICT_OBJC_MSGSEND = YES;
				GCC_C_LANGUAGE_STANDARD = gnu11;
				GCC_NO_COMMON_BLOCKS = YES;
				GCC_WARN_64_TO_32_BIT_CONVERSION = YES;
				GCC_WARN_ABOUT_RETURN_TYPE = YES_ERROR;
				GCC_WARN_UNDECLARED_SELECTOR = YES;
				GCC_WARN_UNINITIALIZED_AUTOS = YES_AGGRESSIVE;
				GCC_WARN_UNUSED_FUNCTION = YES;
				GCC_WARN_UNUSED_VARIABLE = YES;
				IPHONEOS_DEPLOYMENT_TARGET = 9.0;
				MTL_ENABLE_DEBUG_INFO = NO;
				MTL_FAST_MATH = YES;
				SDKROOT = iphoneos;
				SWIFT_COMPILATION_MODE = wholemodule;
				SWIFT_OPTIMIZATION_LEVEL = "-O";
				VALIDATE_PRODUCT = YES;
			};
			name = Release;
		};
		02D523DE2302EF3800EB1080 /* Debug */ = {
			isa = XCBuildConfiguration;
			baseConfigurationReference = 183D72D9975354ABAE5B5F6A /* Pods-VelibStations.debug.xcconfig */;
			buildSettings = {
				ASSETCATALOG_COMPILER_APPICON_NAME = AppIcon;
				CODE_SIGN_STYLE = Automatic;
				FRAMEWORK_SEARCH_PATHS = (
					"\"../VelibStations_Android/common/build/xcode-frameworks\"",
					"$(inherited)",
				);
				INFOPLIST_FILE = VelibStations/Info.plist;
				LD_RUNPATH_SEARCH_PATHS = (
					"$(inherited)",
					"@executable_path/Frameworks",
				);
				LD_VERIFY_BITCODE = NO;
				PRODUCT_BUNDLE_IDENTIFIER = com.muhammedsafiulazam.VelibStations;
				PRODUCT_NAME = "$(TARGET_NAME)";
				SWIFT_VERSION = 5.0;
				TARGETED_DEVICE_FAMILY = "1,2";
			};
			name = Debug;
		};
		02D523DF2302EF3800EB1080 /* Release */ = {
			isa = XCBuildConfiguration;
			baseConfigurationReference = 3CF4A3DCA49693A9044C45B8 /* Pods-VelibStations.release.xcconfig */;
			buildSettings = {
				ASSETCATALOG_COMPILER_APPICON_NAME = AppIcon;
				CODE_SIGN_STYLE = Automatic;
				FRAMEWORK_SEARCH_PATHS = (
					"\"../VelibStations_Android/common/build/xcode-frameworks\"",
					"$(inherited)",
				);
				INFOPLIST_FILE = VelibStations/Info.plist;
				LD_RUNPATH_SEARCH_PATHS = (
					"$(inherited)",
					"@executable_path/Frameworks",
				);
				LD_VERIFY_BITCODE = NO;
				PRODUCT_BUNDLE_IDENTIFIER = com.muhammedsafiulazam.VelibStations;
				PRODUCT_NAME = "$(TARGET_NAME)";
				SWIFT_VERSION = 5.0;
				TARGETED_DEVICE_FAMILY = "1,2";
			};
			name = Release;
		};
		02D523E12302EF3800EB1080 /* Debug */ = {
			isa = XCBuildConfiguration;
			baseConfigurationReference = FB44300CAAD789283002901D /* Pods-VelibStationsTests.debug.xcconfig */;
			buildSettings = {
				ALWAYS_EMBED_SWIFT_STANDARD_LIBRARIES = YES;
				BUNDLE_LOADER = "$(TEST_HOST)";
				CODE_SIGN_STYLE = Automatic;
				FRAMEWORK_SEARCH_PATHS = (
					"\"../VelibStations_Android/common/build/xcode-frameworks\"",
					"$(inherited)",
					"\"${PODS_CONFIGURATION_BUILD_DIR}/MDFInternationalization\"",
					"\"${PODS_CONFIGURATION_BUILD_DIR}/MDFTextAccessibility\"",
					"\"${PODS_CONFIGURATION_BUILD_DIR}/MaterialComponents\"",
					"\"${PODS_ROOT}/GoogleMaps/Base/Frameworks\"",
					"\"${PODS_ROOT}/GoogleMaps/Maps/Frameworks\"",
					"\"${PODS_ROOT}/GooglePlaces/Frameworks\"",
				);
				INFOPLIST_FILE = VelibStationsTests/Info.plist;
				LD_RUNPATH_SEARCH_PATHS = (
					"$(inherited)",
					"@executable_path/Frameworks",
					"@loader_path/Frameworks",
				);
				PRODUCT_BUNDLE_IDENTIFIER = com.muhammedsafiulazam.VelibStationsTests;
				PRODUCT_NAME = "$(TARGET_NAME)";
				SWIFT_VERSION = 5.0;
				TARGETED_DEVICE_FAMILY = "1,2";
				TEST_HOST = "$(BUILT_PRODUCTS_DIR)/VelibStations.app/VelibStations";
			};
			name = Debug;
		};
		02D523E22302EF3800EB1080 /* Release */ = {
			isa = XCBuildConfiguration;
			baseConfigurationReference = 4A2F31064B3E08DA43E4DAB5 /* Pods-VelibStationsTests.release.xcconfig */;
			buildSettings = {
				ALWAYS_EMBED_SWIFT_STANDARD_LIBRARIES = YES;
				BUNDLE_LOADER = "$(TEST_HOST)";
				CODE_SIGN_STYLE = Automatic;
				FRAMEWORK_SEARCH_PATHS = (
					"\"../VelibStations_Android/common/build/xcode-frameworks\"",
					"$(inherited)",
					"\"${PODS_CONFIGURATION_BUILD_DIR}/MDFInternationalization\"",
					"\"${PODS_CONFIGURATION_BUILD_DIR}/MDFTextAccessibility\"",
					"\"${PODS_CONFIGURATION_BUILD_DIR}/MaterialComponents\"",
					"\"${PODS_ROOT}/GoogleMaps/Base/Frameworks\"",
					"\"${PODS_ROOT}/GoogleMaps/Maps/Frameworks\"",
					"\"${PODS_ROOT}/GooglePlaces/Frameworks\"",
				);
				INFOPLIST_FILE = VelibStationsTests/Info.plist;
				LD_RUNPATH_SEARCH_PATHS = (
					"$(inherited)",
					"@executable_path/Frameworks",
					"@loader_path/Frameworks",
				);
				PRODUCT_BUNDLE_IDENTIFIER = com.muhammedsafiulazam.VelibStationsTests;
				PRODUCT_NAME = "$(TARGET_NAME)";
				SWIFT_VERSION = 5.0;
				TARGETED_DEVICE_FAMILY = "1,2";
				TEST_HOST = "$(BUILT_PRODUCTS_DIR)/VelibStations.app/VelibStations";
			};
			name = Release;
		};
		02D523E42302EF3800EB1080 /* Debug */ = {
			isa = XCBuildConfiguration;
			baseConfigurationReference = F3F4CEECDEE24D22FEC38328 /* Pods-VelibStations-VelibStationsUITests.debug.xcconfig */;
			buildSettings = {
				ALWAYS_EMBED_SWIFT_STANDARD_LIBRARIES = YES;
				CODE_SIGN_STYLE = Automatic;
				FRAMEWORK_SEARCH_PATHS = (
					"\"../VelibStations_Android/common/build/xcode-frameworks\"",
					"$(inherited)",
					"\"${PODS_CONFIGURATION_BUILD_DIR}/MDFInternationalization\"",
					"\"${PODS_CONFIGURATION_BUILD_DIR}/MDFTextAccessibility\"",
					"\"${PODS_CONFIGURATION_BUILD_DIR}/MaterialComponents\"",
					"\"${PODS_ROOT}/GoogleMaps/Base/Frameworks\"",
					"\"${PODS_ROOT}/GoogleMaps/Maps/Frameworks\"",
					"\"${PODS_ROOT}/GooglePlaces/Frameworks\"",
				);
				INFOPLIST_FILE = VelibStationsUITests/Info.plist;
				LD_RUNPATH_SEARCH_PATHS = (
					"$(inherited)",
					"@executable_path/Frameworks",
					"@loader_path/Frameworks",
				);
				PRODUCT_BUNDLE_IDENTIFIER = com.muhammedsafiulazam.VelibStationsUITests;
				PRODUCT_NAME = "$(TARGET_NAME)";
				SWIFT_VERSION = 5.0;
				TARGETED_DEVICE_FAMILY = "1,2";
				TEST_TARGET_NAME = VelibStations;
			};
			name = Debug;
		};
		02D523E52302EF3800EB1080 /* Release */ = {
			isa = XCBuildConfiguration;
			baseConfigurationReference = 47AB73AE23FBD03834B9D4BC /* Pods-VelibStations-VelibStationsUITests.release.xcconfig */;
			buildSettings = {
				ALWAYS_EMBED_SWIFT_STANDARD_LIBRARIES = YES;
				CODE_SIGN_STYLE = Automatic;
				INFOPLIST_FILE = VelibStationsUITests/Info.plist;
				LD_RUNPATH_SEARCH_PATHS = (
					"$(inherited)",
					"@executable_path/Frameworks",
					"@loader_path/Frameworks",
				);
				PRODUCT_BUNDLE_IDENTIFIER = com.muhammedsafiulazam.VelibStationsUITests;
				PRODUCT_NAME = "$(TARGET_NAME)";
				SWIFT_VERSION = 5.0;
				TARGETED_DEVICE_FAMILY = "1,2";
				TEST_TARGET_NAME = VelibStations;
			};
			name = Release;
		};
/* End XCBuildConfiguration section */

/* Begin XCConfigurationList section */
		02D523B02302EF3600EB1080 /* Build configuration list for PBXProject "VelibStations" */ = {
			isa = XCConfigurationList;
			buildConfigurations = (
				02D523DB2302EF3800EB1080 /* Debug */,
				02D523DC2302EF3800EB1080 /* Release */,
			);
			defaultConfigurationIsVisible = 0;
			defaultConfigurationName = Release;
		};
		02D523DD2302EF3800EB1080 /* Build configuration list for PBXNativeTarget "VelibStations" */ = {
			isa = XCConfigurationList;
			buildConfigurations = (
				02D523DE2302EF3800EB1080 /* Debug */,
				02D523DF2302EF3800EB1080 /* Release */,
			);
			defaultConfigurationIsVisible = 0;
			defaultConfigurationName = Release;
		};
		02D523E02302EF3800EB1080 /* Build configuration list for PBXNativeTarget "VelibStationsTests" */ = {
			isa = XCConfigurationList;
			buildConfigurations = (
				02D523E12302EF3800EB1080 /* Debug */,
				02D523E22302EF3800EB1080 /* Release */,
			);
			defaultConfigurationIsVisible = 0;
			defaultConfigurationName = Release;
		};
		02D523E32302EF3800EB1080 /* Build configuration list for PBXNativeTarget "VelibStationsUITests" */ = {
			isa = XCConfigurationList;
			buildConfigurations = (
				02D523E42302EF3800EB1080 /* Debug */,
				02D523E52302EF3800EB1080 /* Release */,
			);
			defaultConfigurationIsVisible = 0;
			defaultConfigurationName = Release;
		};
/* End XCConfigurationList section */
	};
	rootObject = 02D523AD2302EF3600EB1080 /* Project object */;
}
